
Microsoft Visual Studio Solution File, Format Version 12.00
# Visual Studio 15
VisualStudioVersion = 15.0.27428.2005
MinimumVisualStudioVersion = 10.0.40219.1
Project("{8BC9CEB8-8B4A-11D0-8D11-00A0C91BC942}") = "Zadatak01", "Zadatak01\Zadatak01.vcxproj", "{D9774714-7987-482A-BA30-8947292E7F28}"
EndProject
Global
	GlobalSection(SolutionConfigurationPlatforms) = preSolution
		Debug|x64 = Debug|x64
		Debug|x86 = Debug|x86
		Release|x64 = Release|x64
		Release|x86 = Release|x86
	EndGlobalSection
	GlobalSection(ProjectConfigurationPlatforms) = postSolution
		{D9774714-7987-482A-BA30-8947292E7F28}.Debug|x64.ActiveCfg = Debug|x64
		{D9774714-7987-482A-BA30-8947292E7F28}.Debug|x64.Build.0 = Debug|x64
		{D9774714-7987-482A-BA30-8947292E7F28}.Debug|x86.ActiveCfg = Debug|Win32
		{D9774714-7987-482A-BA30-8947292E7F28}.Debug|x86.Build.0 = Debug|Win32
		{D9774714-7987-482A-BA30-8947292E7F28}.Release|x64.ActiveCfg = Release|x64
		{D9774714-7987-482A-BA30-8947292E7F28}.Release|x64.Build.0 = Release|x64
		{D9774714-7987-482A-BA30-8947292E7F28}.Release|x86.ActiveCfg = Release|Win32
		{D9774714-7987-482A-BA30-8947292E7F28}.Release|x86.Build.0 = Release|Win32
	EndGlobalSection
	GlobalSection(SolutionProperties) = preSolution
		HideSolutionNode = FALSE
	EndGlobalSection
	GlobalSection(ExtensibilityGlobals) = postSolution
		SolutionGuid = {E7E3A930-4224-4AC9-9F5E-2FE23E2D1E8D}
	EndGlobalSection
EndGlobal
